
Microsoft Visual Studio Solution File, Format Version 12.00
# Visual Studio Version 17
VisualStudioVersion = 17.3.32819.101
MinimumVisualStudioVersion = 10.0.40219.1
Project("{FAE04EC0-301F-11D3-BF4B-00C04F79EFBC}") = "Responsi2", "Responsi2\Responsi2.csproj", "{EB5C7F2B-7DDE-4BB9-83B9-FF9BBFE49637}"
EndProject
Global
	GlobalSection(SolutionConfigurationPlatforms) = preSolution
		Debug|Any CPU = Debug|Any CPU
		Release|Any CPU = Release|Any CPU
	EndGlobalSection
	GlobalSection(ProjectConfigurationPlatforms) = postSolution
		{EB5C7F2B-7DDE-4BB9-83B9-FF9BBFE49637}.Debug|Any CPU.ActiveCfg = Debug|Any CPU
		{EB5C7F2B-7DDE-4BB9-83B9-FF9BBFE49637}.Debug|Any CPU.Build.0 = Debug|Any CPU
		{EB5C7F2B-7DDE-4BB9-83B9-FF9BBFE49637}.Release|Any CPU.ActiveCfg = Release|Any CPU
		{EB5C7F2B-7DDE-4BB9-83B9-FF9BBFE49637}.Release|Any CPU.Build.0 = Release|Any CPU
	EndGlobalSection
	GlobalSection(SolutionProperties) = preSolution
		HideSolutionNode = FALSE
	EndGlobalSection
	GlobalSection(ExtensibilityGlobals) = postSolution
		SolutionGuid = {ACF568EE-9F64-4FAD-90C0-5F2AA01DD144}
	EndGlobalSection
EndGlobal
